
Microsoft Visual Studio Solution File, Format Version 12.00
# Visual Studio Version 17
VisualStudioVersion = 17.7.34009.444
MinimumVisualStudioVersion = 10.0.40219.1
Project("{FAE04EC0-301F-11D3-BF4B-00C04F79EFBC}") = "SW_Console_Controller_V1", "SW_Console_Controller_V1\SW_Console_Controller_V1.csproj", "{6A8FD846-EFBA-4D8C-8B19-CB915C07931F}"
EndProject
Global
	GlobalSection(SolutionConfigurationPlatforms) = preSolution
		Debug|Any CPU = Debug|Any CPU
		Debug|x64 = Debug|x64
		Debug-Remote|Any CPU = Debug-Remote|Any CPU
		Debug-Remote|x64 = Debug-Remote|x64
		Release|Any CPU = Release|Any CPU
		Release|x64 = Release|x64
	EndGlobalSection
	GlobalSection(ProjectConfigurationPlatforms) = postSolution
		{6A8FD846-EFBA-4D8C-8B19-CB915C07931F}.Debug|Any CPU.ActiveCfg = Debug|Any CPU
		{6A8FD846-EFBA-4D8C-8B19-CB915C07931F}.Debug|Any CPU.Build.0 = Debug|Any CPU
		{6A8FD846-EFBA-4D8C-8B19-CB915C07931F}.Debug|x64.ActiveCfg = Debug|x64
		{6A8FD846-EFBA-4D8C-8B19-CB915C07931F}.Debug|x64.Build.0 = Debug|x64
		{6A8FD846-EFBA-4D8C-8B19-CB915C07931F}.Debug-Remote|Any CPU.ActiveCfg = Debug-Remote|Any CPU
		{6A8FD846-EFBA-4D8C-8B19-CB915C07931F}.Debug-Remote|Any CPU.Build.0 = Debug-Remote|Any CPU
		{6A8FD846-EFBA-4D8C-8B19-CB915C07931F}.Debug-Remote|x64.ActiveCfg = Debug-Remote|x64
		{6A8FD846-EFBA-4D8C-8B19-CB915C07931F}.Debug-Remote|x64.Build.0 = Debug-Remote|x64
		{6A8FD846-EFBA-4D8C-8B19-CB915C07931F}.Release|Any CPU.ActiveCfg = Release|Any CPU
		{6A8FD846-EFBA-4D8C-8B19-CB915C07931F}.Release|Any CPU.Build.0 = Release|Any CPU
		{6A8FD846-EFBA-4D8C-8B19-CB915C07931F}.Release|x64.ActiveCfg = Release|x64
		{6A8FD846-EFBA-4D8C-8B19-CB915C07931F}.Release|x64.Build.0 = Release|x64
	EndGlobalSection
	GlobalSection(SolutionProperties) = preSolution
		HideSolutionNode = FALSE
	EndGlobalSection
	GlobalSection(ExtensibilityGlobals) = postSolution
		SolutionGuid = {5F8FDECB-4707-478F-950B-123B309AF722}
	EndGlobalSection
EndGlobal
